# THIS IS AN AUTOGENERATED FILE. DO NOT EDIT THIS FILE DIRECTLY.
# yarn lockfile v1


"@bufbuild/protobuf@1.7.2", "@bufbuild/protobuf@^1.2.1", "@bufbuild/protobuf@^1.7.2":
  version "1.7.2"
  resolved "https://registry.yarnpkg.com/@bufbuild/protobuf/-/protobuf-1.7.2.tgz#1b3d6c66ebd987f7da7f1e3f0546cffaa87f8732"
  integrity sha512-i5GE2Dk5ekdlK1TR7SugY4LWRrKSfb5T1Qn4unpIMbfxoeGKERKQ59HG3iYewacGD10SR7UzevfPnh6my4tNmQ==

"@bufbuild/protoc-gen-connect-web@0.11.0":
  version "0.11.0"
  resolved "https://registry.yarnpkg.com/@bufbuild/protoc-gen-connect-web/-/protoc-gen-connect-web-0.11.0.tgz#985e12d0acc804a14033916bd2cebf3d88562dd1"
  integrity sha512-7GvYkQjN6LP/ixtosI4JBN8eph2kS5XNju9zFwBuJ6aHqfl1sNRkRWG8LEdtTJtyW2R3QypAUyLfpLQf/ZyRVw==
  dependencies:
    "@bufbuild/protobuf" "^1.2.1"
    "@bufbuild/protoplugin" "^1.2.1"

"@bufbuild/protoc-gen-es@1.7.2":
  version "1.7.2"
  resolved "https://registry.yarnpkg.com/@bufbuild/protoc-gen-es/-/protoc-gen-es-1.7.2.tgz#03d85a30338191c74fcee330a2644d35eb8c7240"
  integrity sha512-yiRk/T+YGmpSVvIkybCjPt+QyM/pLWMO+MAiz6auvCsiAgfXfc5nFFosD4yBYXID55M6eIkgBcity1AoJ6I30A==
  dependencies:
    "@bufbuild/protobuf" "^1.7.2"
    "@bufbuild/protoplugin" "1.7.2"

"@bufbuild/protoplugin@1.7.2", "@bufbuild/protoplugin@^1.2.1":
  version "1.7.2"
  resolved "https://registry.yarnpkg.com/@bufbuild/protoplugin/-/protoplugin-1.7.2.tgz#3f5d7a75bf486d7c0956b73227e46c40216c191a"
  integrity sha512-N3QtO8XWD4F4alMtASWtxBw6BWXp4aLz7rPBXH4KTULdjpUHnq46g15TsrG0/8szZw6pIklTO3lFe14dl6ZYdA==
  dependencies:
    "@bufbuild/protobuf" "1.7.2"
    "@typescript/vfs" "^1.4.0"
    typescript "4.5.2"

"@typescript/vfs@^1.4.0":
  version "1.5.0"
  resolved "https://registry.yarnpkg.com/@typescript/vfs/-/vfs-1.5.0.tgz#ed942922724f9ace8c07c80b006c47e5e3833218"
  integrity sha512-AJS307bPgbsZZ9ggCT3wwpg3VbTKMFNHfaY/uF0ahSkYYrPF2dSSKDNIDIQAHm9qJqbLvCsSJH7yN4Vs/CsMMg==
  dependencies:
    debug "^4.1.1"

debug@^4.1.1:
  version "4.3.4"
  resolved "https://registry.yarnpkg.com/debug/-/debug-4.3.4.tgz#1319f6579357f2338d3337d2cdd4914bb5dcc865"
  integrity sha512-PRWFHuSU3eDtQJPvnNY7Jcket1j0t5OuOsFzPPzsekD52Zl8qUfFIPEiswXqIvHWGVHOgX+7G/vCNNhehwxfkQ==
  dependencies:
    ms "2.1.2"

ms@2.1.2:
  version "2.1.2"
  resolved "https://registry.yarnpkg.com/ms/-/ms-2.1.2.tgz#d09d1f357b443f493382a8eb3ccd183872ae6009"
  integrity sha512-sGkPx+VjMtmA6MX27oA4FBFELFCZZ4S4XqeGOXCv68tT+jb3vk/RyaKWP0PTKyWtmLSM0b+adUTEvbs1PEaH2w==

typescript@4.5.2:
  version "4.5.2"
  resolved "https://registry.yarnpkg.com/typescript/-/typescript-4.5.2.tgz#8ac1fba9f52256fdb06fb89e4122fa6a346c2998"
  integrity sha512-5BlMof9H1yGt0P8/WF+wPNw6GfctgGjXp5hkblpyT+8rkASSmkUKMXrxR0Xg8ThVCi/JnHQiKXeBaEwCeQwMFw==
