# THIS IS AN AUTOGENERATED FILE. DO NOT EDIT THIS FILE DIRECTLY.
# yarn lockfile v1


"@bufbuild/protobuf@1.0.0":
  version "1.0.0"
  resolved "https://registry.yarnpkg.com/@bufbuild/protobuf/-/protobuf-1.0.0.tgz#b25c045f8554f92c3723d5bb28e3a2538662f51b"
  integrity sha512-oH3jHBrZ6to8Qf4zLg7O8KqSY42kQZNBRXJRMp5uSi0mqE4L8NbyMnZHeOsbXmTb0xpptRyH11LfS+KeVhXzAA==

"@bufbuild/protoc-gen-connect-web@0.5.0":
  version "0.5.0"
  resolved "https://registry.yarnpkg.com/@bufbuild/protoc-gen-connect-web/-/protoc-gen-connect-web-0.5.0.tgz#1ca1640c29bf3fa446a1aaeabaa2cd91060040bc"
  integrity sha512-sAgx5E6v8ciqRCaMSJZkuvByKyXz7GJi2qs456hru3aQjieBURdPmVkCnQ1IG/kNd10/NHQMF9saOwR6g8eFNQ==
  dependencies:
    "@bufbuild/protoplugin" "^1.0.0"

"@bufbuild/protoc-gen-es@1.0.0":
  version "1.0.0"
  resolved "https://registry.yarnpkg.com/@bufbuild/protoc-gen-es/-/protoc-gen-es-1.0.0.tgz#9afa22d6296a741f8b512a5fcf0846d948ce7f65"
  integrity sha512-3NZzjw2hbeO7JFUZ70W4UOkaMyOC6hJfJP4uDczyWWTXoCr2TPDfPyLE2U8DBpKufneLS1YBhFJPPv4QvJkiPA==
  dependencies:
    "@bufbuild/protoplugin" "1.0.0"

"@bufbuild/protoplugin@1.0.0", "@bufbuild/protoplugin@^1.0.0":
  version "1.0.0"
  resolved "https://registry.yarnpkg.com/@bufbuild/protoplugin/-/protoplugin-1.0.0.tgz#58708ccbb2710be7d4a69607e2b039ac62cd5665"
  integrity sha512-L7z2/4MgP36QGEAh8T4OYrdMRv//LAw4gGpL8D3cziE21uP6FLzLKpIxJ4aJBoUyHyS53tpZMpb0djbxYDecFA==
  dependencies:
    "@bufbuild/protobuf" "1.0.0"
    "@typescript/vfs" "^1.4.0"
    typescript "4.5.2"

"@typescript/vfs@^1.4.0":
  version "1.4.0"
  resolved "https://registry.yarnpkg.com/@typescript/vfs/-/vfs-1.4.0.tgz#2d22985c7666c9d4ce26eb025405e6f156aa32b0"
  integrity sha512-Pood7yv5YWMIX+yCHo176OnF8WUlKGImFG7XlsuH14Zb1YN5+dYD3uUtS7lqZtsH7tAveNUi2NzdpQCN0yRbaw==
  dependencies:
    debug "^4.1.1"

debug@^4.1.1:
  version "4.3.4"
  resolved "https://registry.yarnpkg.com/debug/-/debug-4.3.4.tgz#1319f6579357f2338d3337d2cdd4914bb5dcc865"
  integrity sha512-PRWFHuSU3eDtQJPvnNY7Jcket1j0t5OuOsFzPPzsekD52Zl8qUfFIPEiswXqIvHWGVHOgX+7G/vCNNhehwxfkQ==
  dependencies:
    ms "2.1.2"

ms@2.1.2:
  version "2.1.2"
  resolved "https://registry.yarnpkg.com/ms/-/ms-2.1.2.tgz#d09d1f357b443f493382a8eb3ccd183872ae6009"
  integrity sha512-sGkPx+VjMtmA6MX27oA4FBFELFCZZ4S4XqeGOXCv68tT+jb3vk/RyaKWP0PTKyWtmLSM0b+adUTEvbs1PEaH2w==

typescript@4.5.2:
  version "4.5.2"
  resolved "https://registry.yarnpkg.com/typescript/-/typescript-4.5.2.tgz#8ac1fba9f52256fdb06fb89e4122fa6a346c2998"
  integrity sha512-5BlMof9H1yGt0P8/WF+wPNw6GfctgGjXp5hkblpyT+8rkASSmkUKMXrxR0Xg8ThVCi/JnHQiKXeBaEwCeQwMFw==
